
Microsoft Visual Studio Solution File, Format Version 12.00
# Visual Studio Version 17
VisualStudioVersion = 17.8.34511.84
MinimumVisualStudioVersion = 10.0.40219.1
Project("{FAE04EC0-301F-11D3-BF4B-00C04F79EFBC}") = "WebApplication1", "WebApplication1\WebApplication1.csproj", "{B85241E4-7768-4FB0-B415-17340A459C8E}"
EndProject
Global
	GlobalSection(SolutionConfigurationPlatforms) = preSolution
		Debug|Any CPU = Debug|Any CPU
		Release|Any CPU = Release|Any CPU
	EndGlobalSection
	GlobalSection(ProjectConfigurationPlatforms) = postSolution
		{B85241E4-7768-4FB0-B415-17340A459C8E}.Debug|Any CPU.ActiveCfg = Debug|Any CPU
		{B85241E4-7768-4FB0-B415-17340A459C8E}.Debug|Any CPU.Build.0 = Debug|Any CPU
		{B85241E4-7768-4FB0-B415-17340A459C8E}.Release|Any CPU.ActiveCfg = Release|Any CPU
		{B85241E4-7768-4FB0-B415-17340A459C8E}.Release|Any CPU.Build.0 = Release|Any CPU
	EndGlobalSection
	GlobalSection(SolutionProperties) = preSolution
		HideSolutionNode = FALSE
	EndGlobalSection
	GlobalSection(ExtensibilityGlobals) = postSolution
		SolutionGuid = {FA168FDD-BB37-48A0-B8AC-567FA5969824}
	EndGlobalSection
EndGlobal
